
Microsoft Visual Studio Solution File, Format Version 12.00
# Visual Studio Version 17
VisualStudioVersion = 17.5.33530.505
MinimumVisualStudioVersion = 10.0.40219.1
Project("{8BC9CEB8-8B4A-11D0-8D11-00A0C91BC942}") = "LambdaFuncHW1.1", "LambdaFuncHW1.1.vcxproj", "{AFE1B414-B217-40B4-AA75-0DB14E1F4EBF}"
EndProject
Global
	GlobalSection(SolutionConfigurationPlatforms) = preSolution
		Debug|x64 = Debug|x64
		Debug|x86 = Debug|x86
		Release|x64 = Release|x64
		Release|x86 = Release|x86
	EndGlobalSection
	GlobalSection(ProjectConfigurationPlatforms) = postSolution
		{AFE1B414-B217-40B4-AA75-0DB14E1F4EBF}.Debug|x64.ActiveCfg = Debug|x64
		{AFE1B414-B217-40B4-AA75-0DB14E1F4EBF}.Debug|x64.Build.0 = Debug|x64
		{AFE1B414-B217-40B4-AA75-0DB14E1F4EBF}.Debug|x86.ActiveCfg = Debug|Win32
		{AFE1B414-B217-40B4-AA75-0DB14E1F4EBF}.Debug|x86.Build.0 = Debug|Win32
		{AFE1B414-B217-40B4-AA75-0DB14E1F4EBF}.Release|x64.ActiveCfg = Release|x64
		{AFE1B414-B217-40B4-AA75-0DB14E1F4EBF}.Release|x64.Build.0 = Release|x64
		{AFE1B414-B217-40B4-AA75-0DB14E1F4EBF}.Release|x86.ActiveCfg = Release|Win32
		{AFE1B414-B217-40B4-AA75-0DB14E1F4EBF}.Release|x86.Build.0 = Release|Win32
	EndGlobalSection
	GlobalSection(SolutionProperties) = preSolution
		HideSolutionNode = FALSE
	EndGlobalSection
	GlobalSection(ExtensibilityGlobals) = postSolution
		SolutionGuid = {84EC1709-653E-4586-98A3-8FE3659BADF7}
	EndGlobalSection
EndGlobal
